
Microsoft Visual Studio Solution File, Format Version 12.00
# Visual Studio 14
VisualStudioVersion = 14.0.23107.0
MinimumVisualStudioVersion = 10.0.40219.1
Project("{F14B399A-7131-4C87-9E4B-1186C45EF12D}") = "Chapter07", "Chapter07\Chapter07.rptproj", "{D299CD61-ADAD-48B2-A208-97A68EE8C083}"
EndProject
Global
	GlobalSection(SolutionConfigurationPlatforms) = preSolution
		Debug|Default = Debug|Default
		DebugLocal|Default = DebugLocal|Default
		Release|Default = Release|Default
	EndGlobalSection
	GlobalSection(ProjectConfigurationPlatforms) = postSolution
		{D299CD61-ADAD-48B2-A208-97A68EE8C083}.Debug|Default.ActiveCfg = Debug
		{D299CD61-ADAD-48B2-A208-97A68EE8C083}.Debug|Default.Build.0 = Debug
		{D299CD61-ADAD-48B2-A208-97A68EE8C083}.Debug|Default.Deploy.0 = Debug
		{D299CD61-ADAD-48B2-A208-97A68EE8C083}.DebugLocal|Default.ActiveCfg = DebugLocal
		{D299CD61-ADAD-48B2-A208-97A68EE8C083}.DebugLocal|Default.Build.0 = DebugLocal
		{D299CD61-ADAD-48B2-A208-97A68EE8C083}.Release|Default.ActiveCfg = Release
		{D299CD61-ADAD-48B2-A208-97A68EE8C083}.Release|Default.Build.0 = Release
		{D299CD61-ADAD-48B2-A208-97A68EE8C083}.Release|Default.Deploy.0 = Release
	EndGlobalSection
	GlobalSection(SolutionProperties) = preSolution
		HideSolutionNode = FALSE
	EndGlobalSection
EndGlobal
